
Microsoft Visual Studio Solution File, Format Version 12.00
# Visual Studio Version 16
VisualStudioVersion = 16.0.30717.126
MinimumVisualStudioVersion = 10.0.40219.1
Project("{FAE04EC0-301F-11D3-BF4B-00C04F79EFBC}") = "UI", "UI\UI.csproj", "{361F1A32-6DB4-47B1-A4BD-A927CFC06E82}"
EndProject
Project("{FAE04EC0-301F-11D3-BF4B-00C04F79EFBC}") = "Business", "Business\Business.csproj", "{E00A85FB-F380-47FD-80DC-73F1C4BB2EA6}"
EndProject
Project("{FAE04EC0-301F-11D3-BF4B-00C04F79EFBC}") = "Database", "Database\Database.csproj", "{F66BC501-93CF-47FE-A12B-33435B80108C}"
EndProject
Global
	GlobalSection(SolutionConfigurationPlatforms) = preSolution
		Debug|Any CPU = Debug|Any CPU
		Release|Any CPU = Release|Any CPU
	EndGlobalSection
	GlobalSection(ProjectConfigurationPlatforms) = postSolution
		{361F1A32-6DB4-47B1-A4BD-A927CFC06E82}.Debug|Any CPU.ActiveCfg = Debug|Any CPU
		{361F1A32-6DB4-47B1-A4BD-A927CFC06E82}.Debug|Any CPU.Build.0 = Debug|Any CPU
		{361F1A32-6DB4-47B1-A4BD-A927CFC06E82}.Release|Any CPU.ActiveCfg = Release|Any CPU
		{361F1A32-6DB4-47B1-A4BD-A927CFC06E82}.Release|Any CPU.Build.0 = Release|Any CPU
		{E00A85FB-F380-47FD-80DC-73F1C4BB2EA6}.Debug|Any CPU.ActiveCfg = Debug|Any CPU
		{E00A85FB-F380-47FD-80DC-73F1C4BB2EA6}.Debug|Any CPU.Build.0 = Debug|Any CPU
		{E00A85FB-F380-47FD-80DC-73F1C4BB2EA6}.Release|Any CPU.ActiveCfg = Release|Any CPU
		{E00A85FB-F380-47FD-80DC-73F1C4BB2EA6}.Release|Any CPU.Build.0 = Release|Any CPU
		{F66BC501-93CF-47FE-A12B-33435B80108C}.Debug|Any CPU.ActiveCfg = Debug|Any CPU
		{F66BC501-93CF-47FE-A12B-33435B80108C}.Debug|Any CPU.Build.0 = Debug|Any CPU
		{F66BC501-93CF-47FE-A12B-33435B80108C}.Release|Any CPU.ActiveCfg = Release|Any CPU
		{F66BC501-93CF-47FE-A12B-33435B80108C}.Release|Any CPU.Build.0 = Release|Any CPU
	EndGlobalSection
	GlobalSection(SolutionProperties) = preSolution
		HideSolutionNode = FALSE
	EndGlobalSection
	GlobalSection(ExtensibilityGlobals) = postSolution
		SolutionGuid = {8D19DC55-66B6-4FD5-A6E1-106927AE0B74}
	EndGlobalSection
EndGlobal
